
Microsoft Visual Studio Solution File, Format Version 12.00
# Visual Studio 2012
Project("{FAE04EC0-301F-11D3-BF4B-00C04F79EFBC}") = "LeetNES", "LeetNES\LeetNES.csproj", "{A1CFE58E-50DA-482E-A4A6-10187578FD54}"
EndProject
Project("{2150E333-8FDC-42A3-9474-1A3956D46DE8}") = "roms", "roms", "{A3AE05E8-7790-462A-813D-ADEFE600943F}"
	ProjectSection(SolutionItems) = preProject
		LeetNES\roms\nestest.log = LeetNES\roms\nestest.log
		LeetNES\roms\nestest.nes = LeetNES\roms\nestest.nes
	EndProjectSection
EndProject
Project("{FAE04EC0-301F-11D3-BF4B-00C04F79EFBC}") = "Tests", "Tests\Tests.csproj", "{A5B0E7FF-75C2-47E8-B8F7-B592EECA1799}"
EndProject
Global
	GlobalSection(SolutionConfigurationPlatforms) = preSolution
		Debug|Any CPU = Debug|Any CPU
		Release|Any CPU = Release|Any CPU
	EndGlobalSection
	GlobalSection(ProjectConfigurationPlatforms) = postSolution
		{A1CFE58E-50DA-482E-A4A6-10187578FD54}.Debug|Any CPU.ActiveCfg = Debug|Any CPU
		{A1CFE58E-50DA-482E-A4A6-10187578FD54}.Debug|Any CPU.Build.0 = Debug|Any CPU
		{A1CFE58E-50DA-482E-A4A6-10187578FD54}.Release|Any CPU.ActiveCfg = Release|Any CPU
		{A1CFE58E-50DA-482E-A4A6-10187578FD54}.Release|Any CPU.Build.0 = Release|Any CPU
		{A5B0E7FF-75C2-47E8-B8F7-B592EECA1799}.Debug|Any CPU.ActiveCfg = Debug|Any CPU
		{A5B0E7FF-75C2-47E8-B8F7-B592EECA1799}.Debug|Any CPU.Build.0 = Debug|Any CPU
		{A5B0E7FF-75C2-47E8-B8F7-B592EECA1799}.Release|Any CPU.ActiveCfg = Release|Any CPU
		{A5B0E7FF-75C2-47E8-B8F7-B592EECA1799}.Release|Any CPU.Build.0 = Release|Any CPU
	EndGlobalSection
	GlobalSection(SolutionProperties) = preSolution
		HideSolutionNode = FALSE
	EndGlobalSection
EndGlobal
